{
  "name": "@fastpix/player",
  "version": "1.0.0",
  "lockfileVersion": 3,
  "requires": true,
  "packages": {
    "": {
      "name": "@fastpix/player",
      "version": "1.0.0",
      "license": "ISC",
      "dependencies": {
        "hls.js": "^1.5.15"
      },
      "devDependencies": {
        "esbuild": "^0.24.0",
        "prettier": "^3.3.3"
      }
    },
    "node_modules/@esbuild/darwin-arm64": {
      "version": "0.24.0",
      "resolved": "https://registry.npmjs.org/@esbuild/darwin-arm64/-/darwin-arm64-0.24.0.tgz",
      "integrity": "sha512-CKyDpRbK1hXwv79soeTJNHb5EiG6ct3efd/FTPdzOWdbZZfGhpbcqIpiD0+vwmpu0wTIL97ZRPZu8vUt46nBSw==",
      "cpu": [
        "arm64"
      ],
      "license": "MIT",
      "optional": true,
      "os": [
        "darwin"
      ],
      "engines": {
        "node": ">=18"
      }
    },
    "node_modules/esbuild": {
      "version": "0.24.0",
      "resolved": "https://registry.npmjs.org/esbuild/-/esbuild-0.24.0.tgz",
      "integrity": "sha512-FuLPevChGDshgSicjisSooU0cemp/sGXR841D5LHMB7mTVOmsEHcAxaH3irL53+8YDIeVNQEySh4DaYU/iuPqQ==",
      "hasInstallScript": true,
      "license": "MIT",
      "bin": {
        "esbuild": "bin/esbuild"
      },
      "engines": {
        "node": ">=18"
      },
      "optionalDependencies": {
        "@esbuild/aix-ppc64": "0.24.0",
        "@esbuild/android-arm": "0.24.0",
        "@esbuild/android-arm64": "0.24.0",
        "@esbuild/android-x64": "0.24.0",
        "@esbuild/darwin-arm64": "0.24.0",
        "@esbuild/darwin-x64": "0.24.0",
        "@esbuild/freebsd-arm64": "0.24.0",
        "@esbuild/freebsd-x64": "0.24.0",
        "@esbuild/linux-arm": "0.24.0",
        "@esbuild/linux-arm64": "0.24.0",
        "@esbuild/linux-ia32": "0.24.0",
        "@esbuild/linux-loong64": "0.24.0",
        "@esbuild/linux-mips64el": "0.24.0",
        "@esbuild/linux-ppc64": "0.24.0",
        "@esbuild/linux-riscv64": "0.24.0",
        "@esbuild/linux-s390x": "0.24.0",
        "@esbuild/linux-x64": "0.24.0",
        "@esbuild/netbsd-x64": "0.24.0",
        "@esbuild/openbsd-arm64": "0.24.0",
        "@esbuild/openbsd-x64": "0.24.0",
        "@esbuild/sunos-x64": "0.24.0",
        "@esbuild/win32-arm64": "0.24.0",
        "@esbuild/win32-ia32": "0.24.0",
        "@esbuild/win32-x64": "0.24.0"
      }
    },
    "node_modules/fp-resumable-uploads": {
      "version": "1.3.2",
      "resolved": "https://registry.npmjs.org/fp-resumable-uploads/-/fp-resumable-uploads-1.3.2.tgz",
      "integrity": "sha512-IFFZ6+AZGy6q5iClBeLiEIDjqXtW0ZNpLSGc5ZiymX4rzLWSnKK9F7svRZew5V200KXaTC3Y4m9IpDPzQBX4mw==",
      "license": "MIT"
    },
    "node_modules/fp-web-uploads": {
      "version": "1.5.1",
      "resolved": "https://registry.npmjs.org/fp-web-uploads/-/fp-web-uploads-1.5.1.tgz",
      "integrity": "sha512-nUr81nNxXPxVcBLd/d6k6T39ADfvv1jGTu3F/9bC0rrb4t2LE0v4jbs4EFbF+dn6JDioDPLbfWh/cqYZ+I1ysg==",
      "license": "MIT",
      "dependencies": {
        "esbuild": "^0.24.0",
        "fp-resumable-uploads": "^1.3.2"
      }
    },
    "node_modules/hls.js": {
      "version": "1.5.15",
      "resolved": "https://registry.npmjs.org/hls.js/-/hls.js-1.5.15.tgz",
      "integrity": "sha512-6cD7xN6bycBHaXz2WyPIaHn/iXFizE5au2yvY5q9aC4wfihxAr16C9fUy4nxh2a3wOw0fEgLRa9dN6wsYjlpNg==",
      "license": "Apache-2.0"
    },
    "node_modules/prettier": {
      "version": "3.3.3",
      "resolved": "https://registry.npmjs.org/prettier/-/prettier-3.3.3.tgz",
      "integrity": "sha512-i2tDNA0O5IrMO757lfrdQZCc2jPNDVntV0m/+4whiDfWaTKfMNgR7Qz0NAeGz/nRqF4m5/6CLzbP4/liHt12Ew==",
      "dev": true,
      "license": "MIT",
      "bin": {
        "prettier": "bin/prettier.cjs"
      },
      "engines": {
        "node": ">=14"
      },
      "funding": {
        "url": "https://github.com/prettier/prettier?sponsor=1"
      }
    }
  }
}
